
Microsoft Visual Studio Solution File, Format Version 12.00
# Visual Studio Version 17
VisualStudioVersion = 17.11.35208.52
MinimumVisualStudioVersion = 10.0.40219.1
Project("{FAE04EC0-301F-11D3-BF4B-00C04F79EFBC}") = "TradApp", "TradApp\TradApp.csproj", "{0E268A43-F2BF-4FDD-9EB6-8D6E9E48A42F}"
EndProject
Global
	GlobalSection(SolutionConfigurationPlatforms) = preSolution
		Debug|Any CPU = Debug|Any CPU
		Release|Any CPU = Release|Any CPU
	EndGlobalSection
	GlobalSection(ProjectConfigurationPlatforms) = postSolution
		{0E268A43-F2BF-4FDD-9EB6-8D6E9E48A42F}.Debug|Any CPU.ActiveCfg = Debug|Any CPU
		{0E268A43-F2BF-4FDD-9EB6-8D6E9E48A42F}.Debug|Any CPU.Build.0 = Debug|Any CPU
		{0E268A43-F2BF-4FDD-9EB6-8D6E9E48A42F}.Release|Any CPU.ActiveCfg = Release|Any CPU
		{0E268A43-F2BF-4FDD-9EB6-8D6E9E48A42F}.Release|Any CPU.Build.0 = Release|Any CPU
	EndGlobalSection
	GlobalSection(SolutionProperties) = preSolution
		HideSolutionNode = FALSE
	EndGlobalSection
	GlobalSection(ExtensibilityGlobals) = postSolution
		SolutionGuid = {E2C94A98-C74E-4D17-9791-CB9DDFAF48D1}
	EndGlobalSection
EndGlobal
